// !$*UTF8*$!
{
	archiveVersion = 1;
	classes = {
	};
	objectVersion = 56;
	objects = {

/* Begin PBXBuildFile section */
		A51B2AB02BD68F0B0036A3E1 /* iOSBaseProjectApp.swift in Sources */ = {isa = PBXBuildFile; fileRef = A51B2AAF2BD68F0B0036A3E1 /* iOSBaseProjectApp.swift */; };
		A51B2AB22BD68F0B0036A3E1 /* ContentView.swift in Sources */ = {isa = PBXBuildFile; fileRef = A51B2AB12BD68F0B0036A3E1 /* ContentView.swift */; };
		A51B2AB42BD68F0C0036A3E1 /* Assets.xcassets in Resources */ = {isa = PBXBuildFile; fileRef = A51B2AB32BD68F0C0036A3E1 /* Assets.xcassets */; };
		A51B2AB72BD68F0C0036A3E1 /* Preview Assets.xcassets in Resources */ = {isa = PBXBuildFile; fileRef = A51B2AB62BD68F0C0036A3E1 /* Preview Assets.xcassets */; };
		A51B2AC12BD68F0C0036A3E1 /* iOSBaseProjectTests.swift in Sources */ = {isa = PBXBuildFile; fileRef = A51B2AC02BD68F0C0036A3E1 /* iOSBaseProjectTests.swift */; };
		A51B2ACB2BD68F0D0036A3E1 /* iOSBaseProjectUITests.swift in Sources */ = {isa = PBXBuildFile; fileRef = A51B2ACA2BD68F0D0036A3E1 /* iOSBaseProjectUITests.swift */; };
		A51B2ACD2BD68F0D0036A3E1 /* iOSBaseProjectUITestsLaunchTests.swift in Sources */ = {isa = PBXBuildFile; fileRef = A51B2ACC2BD68F0D0036A3E1 /* iOSBaseProjectUITestsLaunchTests.swift */; };
/* End PBXBuildFile section */

/* Begin PBXContainerItemProxy section */
		A51B2ABD2BD68F0C0036A3E1 /* PBXContainerItemProxy */ = {
			isa = PBXContainerItemProxy;
			containerPortal = A51B2AA42BD68F0B0036A3E1 /* Project object */;
			proxyType = 1;
			remoteGlobalIDString = A51B2AAB2BD68F0B0036A3E1;
			remoteInfo = iOSBaseProject;
		};
		A51B2AC72BD68F0D0036A3E1 /* PBXContainerItemProxy */ = {
			isa = PBXContainerItemProxy;
			containerPortal = A51B2AA42BD68F0B0036A3E1 /* Project object */;
			proxyType = 1;
			remoteGlobalIDString = A51B2AAB2BD68F0B0036A3E1;
			remoteInfo = iOSBaseProject;
		};
/* End PBXContainerItemProxy section */

/* Begin PBXFileReference section */
		A51B2AAC2BD68F0B0036A3E1 /* iOSBaseProject.app */ = {isa = PBXFileReference; explicitFileType = wrapper.application; includeInIndex = 0; path = iOSBaseProject.app; sourceTree = BUILT_PRODUCTS_DIR; };
		A51B2AAF2BD68F0B0036A3E1 /* iOSBaseProjectApp.swift */ = {isa = PBXFileReference; lastKnownFileType = sourcecode.swift; path = iOSBaseProjectApp.swift; sourceTree = "<group>"; };
		A51B2AB12BD68F0B0036A3E1 /* ContentView.swift */ = {isa = PBXFileReference; lastKnownFileType = sourcecode.swift; path = ContentView.swift; sourceTree = "<group>"; };
		A51B2AB32BD68F0C0036A3E1 /* Assets.xcassets */ = {isa = PBXFileReference; lastKnownFileType = folder.assetcatalog; path = Assets.xcassets; sourceTree = "<group>"; };
		A51B2AB62BD68F0C0036A3E1 /* Preview Assets.xcassets */ = {isa = PBXFileReference; lastKnownFileType = folder.assetcatalog; path = "Preview Assets.xcassets"; sourceTree = "<group>"; };
		A51B2ABC2BD68F0C0036A3E1 /* iOSBaseProjectTests.xctest */ = {isa = PBXFileReference; explicitFileType = wrapper.cfbundle; includeInIndex = 0; path = iOSBaseProjectTests.xctest; sourceTree = BUILT_PRODUCTS_DIR; };
		A51B2AC02BD68F0C0036A3E1 /* iOSBaseProjectTests.swift */ = {isa = PBXFileReference; lastKnownFileType = sourcecode.swift; path = iOSBaseProjectTests.swift; sourceTree = "<group>"; };
		A51B2AC62BD68F0D0036A3E1 /* iOSBaseProjectUITests.xctest */ = {isa = PBXFileReference; explicitFileType = wrapper.cfbundle; includeInIndex = 0; path = iOSBaseProjectUITests.xctest; sourceTree = BUILT_PRODUCTS_DIR; };
		A51B2ACA2BD68F0D0036A3E1 /* iOSBaseProjectUITests.swift */ = {isa = PBXFileReference; lastKnownFileType = sourcecode.swift; path = iOSBaseProjectUITests.swift; sourceTree = "<group>"; };
		A51B2ACC2BD68F0D0036A3E1 /* iOSBaseProjectUITestsLaunchTests.swift */ = {isa = PBXFileReference; lastKnownFileType = sourcecode.swift; path = iOSBaseProjectUITestsLaunchTests.swift; sourceTree = "<group>"; };
/* End PBXFileReference section */

/* Begin PBXFrameworksBuildPhase section */
		A51B2AA92BD68F0B0036A3E1 /* Frameworks */ = {
			isa = PBXFrameworksBuildPhase;
			buildActionMask = 2147483647;
			files = (
			);
			runOnlyForDeploymentPostprocessing = 0;
		};
		A51B2AB92BD68F0C0036A3E1 /* Frameworks */ = {
			isa = PBXFrameworksBuildPhase;
			buildActionMask = 2147483647;
			files = (
			);
			runOnlyForDeploymentPostprocessing = 0;
		};
		A51B2AC32BD68F0D0036A3E1 /* Frameworks */ = {
			isa = PBXFrameworksBuildPhase;
			buildActionMask = 2147483647;
			files = (
			);
			runOnlyForDeploymentPostprocessing = 0;
		};
/* End PBXFrameworksBuildPhase section */

/* Begin PBXGroup section */
		A51B2AA32BD68F0B0036A3E1 = {
			isa = PBXGroup;
			children = (
				A51B2AAE2BD68F0B0036A3E1 /* iOSBaseProject */,
				A51B2ABF2BD68F0C0036A3E1 /* iOSBaseProjectTests */,
				A51B2AC92BD68F0D0036A3E1 /* iOSBaseProjectUITests */,
				A51B2AAD2BD68F0B0036A3E1 /* Products */,
			);
			sourceTree = "<group>";
		};
		A51B2AAD2BD68F0B0036A3E1 /* Products */ = {
			isa = PBXGroup;
			children = (
				A51B2AAC2BD68F0B0036A3E1 /* iOSBaseProject.app */,
				A51B2ABC2BD68F0C0036A3E1 /* iOSBaseProjectTests.xctest */,
				A51B2AC62BD68F0D0036A3E1 /* iOSBaseProjectUITests.xctest */,
			);
			name = Products;
			sourceTree = "<group>";
		};
		A51B2AAE2BD68F0B0036A3E1 /* iOSBaseProject */ = {
			isa = PBXGroup;
			children = (
				A51B2AAF2BD68F0B0036A3E1 /* iOSBaseProjectApp.swift */,
				A51B2AB12BD68F0B0036A3E1 /* ContentView.swift */,
				A51B2AB32BD68F0C0036A3E1 /* Assets.xcassets */,
				A51B2AB52BD68F0C0036A3E1 /* Preview Content */,
			);
			path = iOSBaseProject;
			sourceTree = "<group>";
		};
		A51B2AB52BD68F0C0036A3E1 /* Preview Content */ = {
			isa = PBXGroup;
			children = (
				A51B2AB62BD68F0C0036A3E1 /* Preview Assets.xcassets */,
			);
			path = "Preview Content";
			sourceTree = "<group>";
		};
		A51B2ABF2BD68F0C0036A3E1 /* iOSBaseProjectTests */ = {
			isa = PBXGroup;
			children = (
				A51B2AC02BD68F0C0036A3E1 /* iOSBaseProjectTests.swift */,
			);
			path = iOSBaseProjectTests;
			sourceTree = "<group>";
		};
		A51B2AC92BD68F0D0036A3E1 /* iOSBaseProjectUITests */ = {
			isa = PBXGroup;
			children = (
				A51B2ACA2BD68F0D0036A3E1 /* iOSBaseProjectUITests.swift */,
				A51B2ACC2BD68F0D0036A3E1 /* iOSBaseProjectUITestsLaunchTests.swift */,
			);
			path = iOSBaseProjectUITests;
			sourceTree = "<group>";
		};
/* End PBXGroup section */

/* Begin PBXNativeTarget section */
		A51B2AAB2BD68F0B0036A3E1 /* iOSBaseProject */ = {
			isa = PBXNativeTarget;
			buildConfigurationList = A51B2AD02BD68F0D0036A3E1 /* Build configuration list for PBXNativeTarget "iOSBaseProject" */;
			buildPhases = (
				A51B2AA82BD68F0B0036A3E1 /* Sources */,
				A51B2AA92BD68F0B0036A3E1 /* Frameworks */,
				A51B2AAA2BD68F0B0036A3E1 /* Resources */,
			);
			buildRules = (
			);
			dependencies = (
			);
			name = iOSBaseProject;
			productName = iOSBaseProject;
			productReference = A51B2AAC2BD68F0B0036A3E1 /* iOSBaseProject.app */;
			productType = "com.apple.product-type.application";
		};
		A51B2ABB2BD68F0C0036A3E1 /* iOSBaseProjectTests */ = {
			isa = PBXNativeTarget;
			buildConfigurationList = A51B2AD32BD68F0D0036A3E1 /* Build configuration list for PBXNativeTarget "iOSBaseProjectTests" */;
			buildPhases = (
				A51B2AB82BD68F0C0036A3E1 /* Sources */,
				A51B2AB92BD68F0C0036A3E1 /* Frameworks */,
				A51B2ABA2BD68F0C0036A3E1 /* Resources */,
			);
			buildRules = (
			);
			dependencies = (
				A51B2ABE2BD68F0C0036A3E1 /* PBXTargetDependency */,
			);
			name = iOSBaseProjectTests;
			productName = iOSBaseProjectTests;
			productReference = A51B2ABC2BD68F0C0036A3E1 /* iOSBaseProjectTests.xctest */;
			productType = "com.apple.product-type.bundle.unit-test";
		};
		A51B2AC52BD68F0D0036A3E1 /* iOSBaseProjectUITests */ = {
			isa = PBXNativeTarget;
			buildConfigurationList = A51B2AD62BD68F0D0036A3E1 /* Build configuration list for PBXNativeTarget "iOSBaseProjectUITests" */;
			buildPhases = (
				A51B2AC22BD68F0D0036A3E1 /* Sources */,
				A51B2AC32BD68F0D0036A3E1 /* Frameworks */,
				A51B2AC42BD68F0D0036A3E1 /* Resources */,
			);
			buildRules = (
			);
			dependencies = (
				A51B2AC82BD68F0D0036A3E1 /* PBXTargetDependency */,
			);
			name = iOSBaseProjectUITests;
			productName = iOSBaseProjectUITests;
			productReference = A51B2AC62BD68F0D0036A3E1 /* iOSBaseProjectUITests.xctest */;
			productType = "com.apple.product-type.bundle.ui-testing";
		};
/* End PBXNativeTarget section */

/* Begin PBXProject section */
		A51B2AA42BD68F0B0036A3E1 /* Project object */ = {
			isa = PBXProject;
			attributes = {
				BuildIndependentTargetsInParallel = 1;
				LastSwiftUpdateCheck = 1530;
				LastUpgradeCheck = 1530;
				TargetAttributes = {
					A51B2AAB2BD68F0B0036A3E1 = {
						CreatedOnToolsVersion = 15.3;
					};
					A51B2ABB2BD68F0C0036A3E1 = {
						CreatedOnToolsVersion = 15.3;
						TestTargetID = A51B2AAB2BD68F0B0036A3E1;
					};
					A51B2AC52BD68F0D0036A3E1 = {
						CreatedOnToolsVersion = 15.3;
						TestTargetID = A51B2AAB2BD68F0B0036A3E1;
					};
				};
			};
			buildConfigurationList = A51B2AA72BD68F0B0036A3E1 /* Build configuration list for PBXProject "iOSBaseProject" */;
			compatibilityVersion = "Xcode 14.0";
			developmentRegion = en;
			hasScannedForEncodings = 0;
			knownRegions = (
				en,
				Base,
			);
			mainGroup = A51B2AA32BD68F0B0036A3E1;
			productRefGroup = A51B2AAD2BD68F0B0036A3E1 /* Products */;
			projectDirPath = "";
			projectRoot = "";
			targets = (
				A51B2AAB2BD68F0B0036A3E1 /* iOSBaseProject */,
				A51B2ABB2BD68F0C0036A3E1 /* iOSBaseProjectTests */,
				A51B2AC52BD68F0D0036A3E1 /* iOSBaseProjectUITests */,
			);
		};
/* End PBXProject section */

/* Begin PBXResourcesBuildPhase section */
		A51B2AAA2BD68F0B0036A3E1 /* Resources */ = {
			isa = PBXResourcesBuildPhase;
			buildActionMask = 2147483647;
			files = (
				A51B2AB72BD68F0C0036A3E1 /* Preview Assets.xcassets in Resources */,
				A51B2AB42BD68F0C0036A3E1 /* Assets.xcassets in Resources */,
			);
			runOnlyForDeploymentPostprocessing = 0;
		};
		A51B2ABA2BD68F0C0036A3E1 /* Resources */ = {
			isa = PBXResourcesBuildPhase;
			buildActionMask = 2147483647;
			files = (
			);
			runOnlyForDeploymentPostprocessing = 0;
		};
		A51B2AC42BD68F0D0036A3E1 /* Resources */ = {
			isa = PBXResourcesBuildPhase;
			buildActionMask = 2147483647;
			files = (
			);
			runOnlyForDeploymentPostprocessing = 0;
		};
/* End PBXResourcesBuildPhase section */

/* Begin PBXSourcesBuildPhase section */
		A51B2AA82BD68F0B0036A3E1 /* Sources */ = {
			isa = PBXSourcesBuildPhase;
			buildActionMask = 2147483647;
			files = (
				A51B2AB22BD68F0B0036A3E1 /* ContentView.swift in Sources */,
				A51B2AB02BD68F0B0036A3E1 /* iOSBaseProjectApp.swift in Sources */,
			);
			runOnlyForDeploymentPostprocessing = 0;
		};
		A51B2AB82BD68F0C0036A3E1 /* Sources */ = {
			isa = PBXSourcesBuildPhase;
			buildActionMask = 2147483647;
			files = (
				A51B2AC12BD68F0C0036A3E1 /* iOSBaseProjectTests.swift in Sources */,
			);
			runOnlyForDeploymentPostprocessing = 0;
		};
		A51B2AC22BD68F0D0036A3E1 /* Sources */ = {
			isa = PBXSourcesBuildPhase;
			buildActionMask = 2147483647;
			files = (
				A51B2ACB2BD68F0D0036A3E1 /* iOSBaseProjectUITests.swift in Sources */,
				A51B2ACD2BD68F0D0036A3E1 /* iOSBaseProjectUITestsLaunchTests.swift in Sources */,
			);
			runOnlyForDeploymentPostprocessing = 0;
		};
/* End PBXSourcesBuildPhase section */

/* Begin PBXTargetDependency section */
		A51B2ABE2BD68F0C0036A3E1 /* PBXTargetDependency */ = {
			isa = PBXTargetDependency;
			target = A51B2AAB2BD68F0B0036A3E1 /* iOSBaseProject */;
			targetProxy = A51B2ABD2BD68F0C0036A3E1 /* PBXContainerItemProxy */;
		};
		A51B2AC82BD68F0D0036A3E1 /* PBXTargetDependency */ = {
			isa = PBXTargetDependency;
			target = A51B2AAB2BD68F0B0036A3E1 /* iOSBaseProject */;
			targetProxy = A51B2AC72BD68F0D0036A3E1 /* PBXContainerItemProxy */;
		};
/* End PBXTargetDependency section */

/* Begin XCBuildConfiguration section */
		A51B2ACE2BD68F0D0036A3E1 /* Debug */ = {
			isa = XCBuildConfiguration;
			buildSettings = {
				ALWAYS_SEARCH_USER_PATHS = NO;
				ASSETCATALOG_COMPILER_GENERATE_SWIFT_ASSET_SYMBOL_EXTENSIONS = YES;
				CLANG_ANALYZER_NONNULL = YES;
				CLANG_ANALYZER_NUMBER_OBJECT_CONVERSION = YES_AGGRESSIVE;
				CLANG_CXX_LANGUAGE_STANDARD = "gnu++20";
				CLANG_ENABLE_MODULES = YES;
				CLANG_ENABLE_OBJC_ARC = YES;
				CLANG_ENABLE_OBJC_WEAK = YES;
				CLANG_WARN_BLOCK_CAPTURE_AUTORELEASING = YES;
				CLANG_WARN_BOOL_CONVERSION = YES;
				CLANG_WARN_COMMA = YES;
				CLANG_WARN_CONSTANT_CONVERSION = YES;
				CLANG_WARN_DEPRECATED_OBJC_IMPLEMENTATIONS = YES;
				CLANG_WARN_DIRECT_OBJC_ISA_USAGE = YES_ERROR;
				CLANG_WARN_DOCUMENTATION_COMMENTS = YES;
				CLANG_WARN_EMPTY_BODY = YES;
				CLANG_WARN_ENUM_CONVERSION = YES;
				CLANG_WARN_INFINITE_RECURSION = YES;
				CLANG_WARN_INT_CONVERSION = YES;
				CLANG_WARN_NON_LITERAL_NULL_CONVERSION = YES;
				CLANG_WARN_OBJC_IMPLICIT_RETAIN_SELF = YES;
				CLANG_WARN_OBJC_LITERAL_CONVERSION = YES;
				CLANG_WARN_OBJC_ROOT_CLASS = YES_ERROR;
				CLANG_WARN_QUOTED_INCLUDE_IN_FRAMEWORK_HEADER = YES;
				CLANG_WARN_RANGE_LOOP_ANALYSIS = YES;
				CLANG_WARN_STRICT_PROTOTYPES = YES;
				CLANG_WARN_SUSPICIOUS_MOVE = YES;
				CLANG_WARN_UNGUARDED_AVAILABILITY = YES_AGGRESSIVE;
				CLANG_WARN_UNREACHABLE_CODE = YES;
				CLANG_WARN__DUPLICATE_METHOD_MATCH = YES;
				COPY_PHASE_STRIP = NO;
				DEBUG_INFORMATION_FORMAT = dwarf;
				ENABLE_STRICT_OBJC_MSGSEND = YES;
				ENABLE_TESTABILITY = YES;
				ENABLE_USER_SCRIPT_SANDBOXING = YES;
				GCC_C_LANGUAGE_STANDARD = gnu17;
				GCC_DYNAMIC_NO_PIC = NO;
				GCC_NO_COMMON_BLOCKS = YES;
				GCC_OPTIMIZATION_LEVEL = 0;
				GCC_PREPROCESSOR_DEFINITIONS = (
					"DEBUG=1",
					"$(inherited)",
				);
				GCC_WARN_64_TO_32_BIT_CONVERSION = YES;
				GCC_WARN_ABOUT_RETURN_TYPE = YES_ERROR;
				GCC_WARN_UNDECLARED_SELECTOR = YES;
				GCC_WARN_UNINITIALIZED_AUTOS = YES_AGGRESSIVE;
				GCC_WARN_UNUSED_FUNCTION = YES;
				GCC_WARN_UNUSED_VARIABLE = YES;
				IPHONEOS_DEPLOYMENT_TARGET = 17.4;
				LOCALIZATION_PREFERS_STRING_CATALOGS = YES;
				MTL_ENABLE_DEBUG_INFO = INCLUDE_SOURCE;
				MTL_FAST_MATH = YES;
				ONLY_ACTIVE_ARCH = YES;
				SDKROOT = iphoneos;
				SWIFT_ACTIVE_COMPILATION_CONDITIONS = "DEBUG $(inherited)";
				SWIFT_OPTIMIZATION_LEVEL = "-Onone";
			};
			name = Debug;
		};
		A51B2ACF2BD68F0D0036A3E1 /* Release */ = {
			isa = XCBuildConfiguration;
			buildSettings = {
				ALWAYS_SEARCH_USER_PATHS = NO;
				ASSETCATALOG_COMPILER_GENERATE_SWIFT_ASSET_SYMBOL_EXTENSIONS = YES;
				CLANG_ANALYZER_NONNULL = YES;
				CLANG_ANALYZER_NUMBER_OBJECT_CONVERSION = YES_AGGRESSIVE;
				CLANG_CXX_LANGUAGE_STANDARD = "gnu++20";
				CLANG_ENABLE_MODULES = YES;
				CLANG_ENABLE_OBJC_ARC = YES;
				CLANG_ENABLE_OBJC_WEAK = YES;
				CLANG_WARN_BLOCK_CAPTURE_AUTORELEASING = YES;
				CLANG_WARN_BOOL_CONVERSION = YES;
				CLANG_WARN_COMMA = YES;
				CLANG_WARN_CONSTANT_CONVERSION = YES;
				CLANG_WARN_DEPRECATED_OBJC_IMPLEMENTATIONS = YES;
				CLANG_WARN_DIRECT_OBJC_ISA_USAGE = YES_ERROR;
				CLANG_WARN_DOCUMENTATION_COMMENTS = YES;
				CLANG_WARN_EMPTY_BODY = YES;
				CLANG_WARN_ENUM_CONVERSION = YES;
				CLANG_WARN_INFINITE_RECURSION = YES;
				CLANG_WARN_INT_CONVERSION = YES;
				CLANG_WARN_NON_LITERAL_NULL_CONVERSION = YES;
				CLANG_WARN_OBJC_IMPLICIT_RETAIN_SELF = YES;
				CLANG_WARN_OBJC_LITERAL_CONVERSION = YES;
				CLANG_WARN_OBJC_ROOT_CLASS = YES_ERROR;
				CLANG_WARN_QUOTED_INCLUDE_IN_FRAMEWORK_HEADER = YES;
				CLANG_WARN_RANGE_LOOP_ANALYSIS = YES;
				CLANG_WARN_STRICT_PROTOTYPES = YES;
				CLANG_WARN_SUSPICIOUS_MOVE = YES;
				CLANG_WARN_UNGUARDED_AVAILABILITY = YES_AGGRESSIVE;
				CLANG_WARN_UNREACHABLE_CODE = YES;
				CLANG_WARN__DUPLICATE_METHOD_MATCH = YES;
				COPY_PHASE_STRIP = NO;
				DEBUG_INFORMATION_FORMAT = "dwarf-with-dsym";
				ENABLE_NS_ASSERTIONS = NO;
				ENABLE_STRICT_OBJC_MSGSEND = YES;
				ENABLE_USER_SCRIPT_SANDBOXING = YES;
				GCC_C_LANGUAGE_STANDARD = gnu17;
				GCC_NO_COMMON_BLOCKS = YES;
				GCC_WARN_64_TO_32_BIT_CONVERSION = YES;
				GCC_WARN_ABOUT_RETURN_TYPE = YES_ERROR;
				GCC_WARN_UNDECLARED_SELECTOR = YES;
				GCC_WARN_UNINITIALIZED_AUTOS = YES_AGGRESSIVE;
				GCC_WARN_UNUSED_FUNCTION = YES;
				GCC_WARN_UNUSED_VARIABLE = YES;
				IPHONEOS_DEPLOYMENT_TARGET = 17.4;
				LOCALIZATION_PREFERS_STRING_CATALOGS = YES;
				MTL_ENABLE_DEBUG_INFO = NO;
				MTL_FAST_MATH = YES;
				SDKROOT = iphoneos;
				SWIFT_COMPILATION_MODE = wholemodule;
				VALIDATE_PRODUCT = YES;
			};
			name = Release;
		};
		A51B2AD12BD68F0D0036A3E1 /* Debug */ = {
			isa = XCBuildConfiguration;
			buildSettings = {
				ASSETCATALOG_COMPILER_APPICON_NAME = AppIcon;
				ASSETCATALOG_COMPILER_GLOBAL_ACCENT_COLOR_NAME = AccentColor;
				CODE_SIGN_STYLE = Automatic;
				CURRENT_PROJECT_VERSION = 1;
				DEVELOPMENT_ASSET_PATHS = "\"iOSBaseProject/Preview Content\"";
				DEVELOPMENT_TEAM = A8JNN5M7L5;
				ENABLE_PREVIEWS = YES;
				GENERATE_INFOPLIST_FILE = YES;
				INFOPLIST_KEY_UIApplicationSceneManifest_Generation = YES;
				INFOPLIST_KEY_UIApplicationSupportsIndirectInputEvents = YES;
				INFOPLIST_KEY_UILaunchScreen_Generation = YES;
				INFOPLIST_KEY_UISupportedInterfaceOrientations_iPad = "UIInterfaceOrientationPortrait UIInterfaceOrientationPortraitUpsideDown UIInterfaceOrientationLandscapeLeft UIInterfaceOrientationLandscapeRight";
				INFOPLIST_KEY_UISupportedInterfaceOrientations_iPhone = "UIInterfaceOrientationPortrait UIInterfaceOrientationLandscapeLeft UIInterfaceOrientationLandscapeRight";
				LD_RUNPATH_SEARCH_PATHS = (
					"$(inherited)",
					"@executable_path/Frameworks",
				);
				MARKETING_VERSION = 1.0;
				PRODUCT_BUNDLE_IDENTIFIER = com.sehosseini.iOSBaseProject;
				PRODUCT_NAME = "$(TARGET_NAME)";
				SWIFT_EMIT_LOC_STRINGS = YES;
				SWIFT_VERSION = 5.0;
				TARGETED_DEVICE_FAMILY = "1,2";
			};
			name = Debug;
		};
		A51B2AD22BD68F0D0036A3E1 /* Release */ = {
			isa = XCBuildConfiguration;
			buildSettings = {
				ASSETCATALOG_COMPILER_APPICON_NAME = AppIcon;
				ASSETCATALOG_COMPILER_GLOBAL_ACCENT_COLOR_NAME = AccentColor;
				CODE_SIGN_STYLE = Automatic;
				CURRENT_PROJECT_VERSION = 1;
				DEVELOPMENT_ASSET_PATHS = "\"iOSBaseProject/Preview Content\"";
				DEVELOPMENT_TEAM = A8JNN5M7L5;
				ENABLE_PREVIEWS = YES;
				GENERATE_INFOPLIST_FILE = YES;
				INFOPLIST_KEY_UIApplicationSceneManifest_Generation = YES;
				INFOPLIST_KEY_UIApplicationSupportsIndirectInputEvents = YES;
				INFOPLIST_KEY_UILaunchScreen_Generation = YES;
				INFOPLIST_KEY_UISupportedInterfaceOrientations_iPad = "UIInterfaceOrientationPortrait UIInterfaceOrientationPortraitUpsideDown UIInterfaceOrientationLandscapeLeft UIInterfaceOrientationLandscapeRight";
				INFOPLIST_KEY_UISupportedInterfaceOrientations_iPhone = "UIInterfaceOrientationPortrait UIInterfaceOrientationLandscapeLeft UIInterfaceOrientationLandscapeRight";
				LD_RUNPATH_SEARCH_PATHS = (
					"$(inherited)",
					"@executable_path/Frameworks",
				);
				MARKETING_VERSION = 1.0;
				PRODUCT_BUNDLE_IDENTIFIER = com.sehosseini.iOSBaseProject;
				PRODUCT_NAME = "$(TARGET_NAME)";
				SWIFT_EMIT_LOC_STRINGS = YES;
				SWIFT_VERSION = 5.0;
				TARGETED_DEVICE_FAMILY = "1,2";
			};
			name = Release;
		};
		A51B2AD42BD68F0D0036A3E1 /* Debug */ = {
			isa = XCBuildConfiguration;
			buildSettings = {
				ALWAYS_EMBED_SWIFT_STANDARD_LIBRARIES = YES;
				BUNDLE_LOADER = "$(TEST_HOST)";
				CODE_SIGN_STYLE = Automatic;
				CURRENT_PROJECT_VERSION = 1;
				DEVELOPMENT_TEAM = A8JNN5M7L5;
				GENERATE_INFOPLIST_FILE = YES;
				IPHONEOS_DEPLOYMENT_TARGET = 17.4;
				MARKETING_VERSION = 1.0;
				PRODUCT_BUNDLE_IDENTIFIER = com.sehosseini.iOSBaseProjectTests;
				PRODUCT_NAME = "$(TARGET_NAME)";
				SWIFT_EMIT_LOC_STRINGS = NO;
				SWIFT_VERSION = 5.0;
				TARGETED_DEVICE_FAMILY = "1,2";
				TEST_HOST = "$(BUILT_PRODUCTS_DIR)/iOSBaseProject.app/$(BUNDLE_EXECUTABLE_FOLDER_PATH)/iOSBaseProject";
			};
			name = Debug;
		};
		A51B2AD52BD68F0D0036A3E1 /* Release */ = {
			isa = XCBuildConfiguration;
			buildSettings = {
				ALWAYS_EMBED_SWIFT_STANDARD_LIBRARIES = YES;
				BUNDLE_LOADER = "$(TEST_HOST)";
				CODE_SIGN_STYLE = Automatic;
				CURRENT_PROJECT_VERSION = 1;
				DEVELOPMENT_TEAM = A8JNN5M7L5;
				GENERATE_INFOPLIST_FILE = YES;
				IPHONEOS_DEPLOYMENT_TARGET = 17.4;
				MARKETING_VERSION = 1.0;
				PRODUCT_BUNDLE_IDENTIFIER = com.sehosseini.iOSBaseProjectTests;
				PRODUCT_NAME = "$(TARGET_NAME)";
				SWIFT_EMIT_LOC_STRINGS = NO;
				SWIFT_VERSION = 5.0;
				TARGETED_DEVICE_FAMILY = "1,2";
				TEST_HOST = "$(BUILT_PRODUCTS_DIR)/iOSBaseProject.app/$(BUNDLE_EXECUTABLE_FOLDER_PATH)/iOSBaseProject";
			};
			name = Release;
		};
		A51B2AD72BD68F0D0036A3E1 /* Debug */ = {
			isa = XCBuildConfiguration;
			buildSettings = {
				ALWAYS_EMBED_SWIFT_STANDARD_LIBRARIES = YES;
				CODE_SIGN_STYLE = Automatic;
				CURRENT_PROJECT_VERSION = 1;
				DEVELOPMENT_TEAM = A8JNN5M7L5;
				GENERATE_INFOPLIST_FILE = YES;
				MARKETING_VERSION = 1.0;
				PRODUCT_BUNDLE_IDENTIFIER = com.sehosseini.iOSBaseProjectUITests;
				PRODUCT_NAME = "$(TARGET_NAME)";
				SWIFT_EMIT_LOC_STRINGS = NO;
				SWIFT_VERSION = 5.0;
				TARGETED_DEVICE_FAMILY = "1,2";
				TEST_TARGET_NAME = iOSBaseProject;
			};
			name = Debug;
		};
		A51B2AD82BD68F0D0036A3E1 /* Release */ = {
			isa = XCBuildConfiguration;
			buildSettings = {
				ALWAYS_EMBED_SWIFT_STANDARD_LIBRARIES = YES;
				CODE_SIGN_STYLE = Automatic;
				CURRENT_PROJECT_VERSION = 1;
				DEVELOPMENT_TEAM = A8JNN5M7L5;
				GENERATE_INFOPLIST_FILE = YES;
				MARKETING_VERSION = 1.0;
				PRODUCT_BUNDLE_IDENTIFIER = com.sehosseini.iOSBaseProjectUITests;
				PRODUCT_NAME = "$(TARGET_NAME)";
				SWIFT_EMIT_LOC_STRINGS = NO;
				SWIFT_VERSION = 5.0;
				TARGETED_DEVICE_FAMILY = "1,2";
				TEST_TARGET_NAME = iOSBaseProject;
			};
			name = Release;
		};
/* End XCBuildConfiguration section */

/* Begin XCConfigurationList section */
		A51B2AA72BD68F0B0036A3E1 /* Build configuration list for PBXProject "iOSBaseProject" */ = {
			isa = XCConfigurationList;
			buildConfigurations = (
				A51B2ACE2BD68F0D0036A3E1 /* Debug */,
				A51B2ACF2BD68F0D0036A3E1 /* Release */,
			);
			defaultConfigurationIsVisible = 0;
			defaultConfigurationName = Release;
		};
		A51B2AD02BD68F0D0036A3E1 /* Build configuration list for PBXNativeTarget "iOSBaseProject" */ = {
			isa = XCConfigurationList;
			buildConfigurations = (
				A51B2AD12BD68F0D0036A3E1 /* Debug */,
				A51B2AD22BD68F0D0036A3E1 /* Release */,
			);
			defaultConfigurationIsVisible = 0;
			defaultConfigurationName = Release;
		};
		A51B2AD32BD68F0D0036A3E1 /* Build configuration list for PBXNativeTarget "iOSBaseProjectTests" */ = {
			isa = XCConfigurationList;
			buildConfigurations = (
				A51B2AD42BD68F0D0036A3E1 /* Debug */,
				A51B2AD52BD68F0D0036A3E1 /* Release */,
			);
			defaultConfigurationIsVisible = 0;
			defaultConfigurationName = Release;
		};
		A51B2AD62BD68F0D0036A3E1 /* Build configuration list for PBXNativeTarget "iOSBaseProjectUITests" */ = {
			isa = XCConfigurationList;
			buildConfigurations = (
				A51B2AD72BD68F0D0036A3E1 /* Debug */,
				A51B2AD82BD68F0D0036A3E1 /* Release */,
			);
			defaultConfigurationIsVisible = 0;
			defaultConfigurationName = Release;
		};
/* End XCConfigurationList section */
	};
	rootObject = A51B2AA42BD68F0B0036A3E1 /* Project object */;
}
